{
  "lockfile_version": "1",
  "packages": {
    "go@latest": {
      "last_modified": "2024-06-12T20:55:33Z",
      "resolved": "github:NixOS/nixpkgs/a9858885e197f984d92d7fe64e9fff6b2e488d40#go",
      "source": "devbox-search",
      "version": "1.22.3",
      "systems": {
        "aarch64-darwin": {
          "outputs": [
            {
              "name": "out",
              "path": "/nix/store/m4ip3yyqg4k2pilbyfczgiy8xqvh4554-go-1.22.3",
              "default": true
            }
          ],
          "store_path": "/nix/store/m4ip3yyqg4k2pilbyfczgiy8xqvh4554-go-1.22.3"
        },
        "aarch64-linux": {
          "outputs": [
            {
              "name": "out",
              "path": "/nix/store/iz2bp36nbgp2l7day14186nmw2v4v0qg-go-1.22.3",
              "default": true
            }
          ],
          "store_path": "/nix/store/iz2bp36nbgp2l7day14186nmw2v4v0qg-go-1.22.3"
        },
        "x86_64-darwin": {
          "outputs": [
            {
              "name": "out",
              "path": "/nix/store/gl1vr9lznqg5zv2f0bvh0q469k82mjz0-go-1.22.3",
              "default": true
            }
          ],
          "store_path": "/nix/store/gl1vr9lznqg5zv2f0bvh0q469k82mjz0-go-1.22.3"
        },
        "x86_64-linux": {
          "outputs": [
            {
              "name": "out",
              "path": "/nix/store/vz8d6wmfcf38l3h3vymwqr6c5zxp5jmp-go-1.22.3",
              "default": true
            }
          ],
          "store_path": "/nix/store/vz8d6wmfcf38l3h3vymwqr6c5zxp5jmp-go-1.22.3"
        }
      }
    },
    "golangci-lint@latest": {
      "last_modified": "2024-06-12T20:55:33Z",
      "resolved": "github:NixOS/nixpkgs/a9858885e197f984d92d7fe64e9fff6b2e488d40#golangci-lint",
      "source": "devbox-search",
      "version": "1.59.1",
      "systems": {
        "aarch64-darwin": {
          "outputs": [
            {
              "name": "out",
              "path": "/nix/store/w22bgyfjyx7dvjaagmi9ghvcnvw1y6nl-golangci-lint-1.59.1",
              "default": true
            }
          ],
          "store_path": "/nix/store/w22bgyfjyx7dvjaagmi9ghvcnvw1y6nl-golangci-lint-1.59.1"
        },
        "aarch64-linux": {
          "outputs": [
            {
              "name": "out",
              "path": "/nix/store/hahysa7c9mql9j1ib7zijxiyv9f97b96-golangci-lint-1.59.1",
              "default": true
            }
          ],
          "store_path": "/nix/store/hahysa7c9mql9j1ib7zijxiyv9f97b96-golangci-lint-1.59.1"
        },
        "x86_64-darwin": {
          "outputs": [
            {
              "name": "out",
              "path": "/nix/store/y10i5blb2rgpdz3ny0q3xr7g5g2z1s4n-golangci-lint-1.59.1",
              "default": true
            }
          ],
          "store_path": "/nix/store/y10i5blb2rgpdz3ny0q3xr7g5g2z1s4n-golangci-lint-1.59.1"
        },
        "x86_64-linux": {
          "outputs": [
            {
              "name": "out",
              "path": "/nix/store/zlrwy5y1rixx7vg1rkmhvpl69yvgdra0-golangci-lint-1.59.1",
              "default": true
            }
          ],
          "store_path": "/nix/store/zlrwy5y1rixx7vg1rkmhvpl69yvgdra0-golangci-lint-1.59.1"
        }
      }
    }
  }
}
